
Microsoft Visual Studio Solution File, Format Version 12.00
# Visual Studio Version 17
VisualStudioVersion = 17.7.34202.233
MinimumVisualStudioVersion = 10.0.40219.1
Project("{FAE04EC0-301F-11D3-BF4B-00C04F79EFBC}") = "BlazorVirtualization", "BlazorVirtualization\BlazorVirtualization.csproj", "{0E795275-5DFE-4D1F-AC78-6B3940CF8E0B}"
EndProject
Global
	GlobalSection(SolutionConfigurationPlatforms) = preSolution
		Debug|Any CPU = Debug|Any CPU
		Release|Any CPU = Release|Any CPU
	EndGlobalSection
	GlobalSection(ProjectConfigurationPlatforms) = postSolution
		{0E795275-5DFE-4D1F-AC78-6B3940CF8E0B}.Debug|Any CPU.ActiveCfg = Debug|Any CPU
		{0E795275-5DFE-4D1F-AC78-6B3940CF8E0B}.Debug|Any CPU.Build.0 = Debug|Any CPU
		{0E795275-5DFE-4D1F-AC78-6B3940CF8E0B}.Release|Any CPU.ActiveCfg = Release|Any CPU
		{0E795275-5DFE-4D1F-AC78-6B3940CF8E0B}.Release|Any CPU.Build.0 = Release|Any CPU
	EndGlobalSection
	GlobalSection(SolutionProperties) = preSolution
		HideSolutionNode = FALSE
	EndGlobalSection
	GlobalSection(ExtensibilityGlobals) = postSolution
		SolutionGuid = {D1E59C72-9AE0-41C4-AA5D-FA57FC57E51F}
	EndGlobalSection
EndGlobal
