
Microsoft Visual Studio Solution File, Format Version 12.00
# Visual Studio Version 17
VisualStudioVersion = 17.1.32228.430
MinimumVisualStudioVersion = 10.0.40219.1
Project("{9A19103F-16F7-4668-BE54-9A1E7A4F7556}") = "Blazor100", "Blazor100\Blazor100.csproj", "{ECDE88FA-E210-4D83-A4F5-8A1D4341DDD3}"
EndProject
Project("{2150E333-8FDC-42A3-9474-1A3956D46DE8}") = "Solution Items", "Solution Items", "{5165E290-A44D-4042-A9C0-EB6415B425B5}"
	ProjectSection(SolutionItems) = preProject
		.editorconfig = .editorconfig
		.gitattributes = .gitattributes
		.gitignore = .gitignore
		LICENSE = LICENSE
		README.md = README.md
	EndProjectSection
EndProject
Project("{9A19103F-16F7-4668-BE54-9A1E7A4F7556}") = "BlazorFileUpload", "BlazorFileUpload\BlazorFileUpload.csproj", "{8471D8BA-7B2D-4796-9FD6-CFA71A35BD2F}"
EndProject
Project("{2150E333-8FDC-42A3-9474-1A3956D46DE8}") = "docs", "docs", "{F23E72F9-2DE4-4A33-B632-DA88EEE1474B}"
	ProjectSection(SolutionItems) = preProject
		D1.Viewer.md = D1.Viewer.md
		D2.Handwritten.md = D2.Handwritten.md
		D3.BarcodeScanner.md = D3.BarcodeScanner.md
		D4.SignaturePad.md = D4.SignaturePad.md
		D5.GoogleMap.md = D5.GoogleMap.md
		D6.BaiduMap.md = D6.BaiduMap.md
		D7.Geolocation.md = D7.Geolocation.md
		D8.OnScreenKeyboard.md = D8.OnScreenKeyboard.md
		D9.BlazorFileUpload.md = D9.BlazorFileUpload.md
		README.md = README.md
	EndProjectSection
EndProject
Project("{2150E333-8FDC-42A3-9474-1A3956D46DE8}") = "11-20", "11-20", "{808F29E6-F014-4FA4-A9E8-0C81EEC7969A}"
	ProjectSection(SolutionItems) = preProject
		docs\10.FileUpload.md = docs\10.FileUpload.md
		docs\11.Lifecycle.md = docs\11.Lifecycle.md
		docs\12..md = docs\12..md
		docs\13..md = docs\13..md
		docs\README11-20.md = docs\README11-20.md
	EndProjectSection
EndProject
Project("{2150E333-8FDC-42A3-9474-1A3956D46DE8}") = "21-30", "21-30", "{363393D5-F12C-4C1D-8831-2E380469A4AA}"
	ProjectSection(SolutionItems) = preProject
		docs\README21-30.md = docs\README21-30.md
	EndProjectSection
EndProject
Project("{2150E333-8FDC-42A3-9474-1A3956D46DE8}") = "31-40", "31-40", "{FEC17587-A711-48F7-9DDE-FF905FA54156}"
	ProjectSection(SolutionItems) = preProject
		docs\README31-40.md = docs\README31-40.md
	EndProjectSection
EndProject
Project("{9A19103F-16F7-4668-BE54-9A1E7A4F7556}") = "b03sqlite", "b03sqlite\b03sqlite.csproj", "{0B103BC0-1759-4542-863E-B8C603BB4131}"
EndProject
Project("{9A19103F-16F7-4668-BE54-9A1E7A4F7556}") = "b05tree", "b05tree\b05tree.csproj", "{9F70B74D-3E9A-487D-AC77-103D67A353D1}"
EndProject
Project("{9A19103F-16F7-4668-BE54-9A1E7A4F7556}") = "BlazorRecord", "BlazorRecord\BlazorRecord.csproj", "{B356302D-73BF-4546-B9DD-71D9016D650B}"
EndProject
Project("{9A19103F-16F7-4668-BE54-9A1E7A4F7556}") = "b06chart", "b06chart\b06chart.csproj", "{4701FDAF-2E22-46CD-A03C-2A992247C3F7}"
EndProject
Project("{9A19103F-16F7-4668-BE54-9A1E7A4F7556}") = "n08I18nText", "n08I18nText\n08I18nText.csproj", "{6CB49482-EFC3-48F9-B455-C1C94C870BA4}"
EndProject
Project("{9A19103F-16F7-4668-BE54-9A1E7A4F7556}") = "n01UserSecrets", "n01UserSecrets\n01UserSecrets.csproj", "{396450F1-B8A1-48BE-9787-6FF0642E9E77}"
EndProject
Project("{9A19103F-16F7-4668-BE54-9A1E7A4F7556}") = "n01UserSecretsConsole", "n01UserSecretsConsole\n01UserSecretsConsole.csproj", "{B703E43C-C79B-4A6A-9132-0C597A1BC8D4}"
EndProject
Project("{9A19103F-16F7-4668-BE54-9A1E7A4F7556}") = "n02drag", "n02drag\n02drag.csproj", "{C58A656C-E4B3-467B-9370-0E6550743424}"
EndProject
Project("{9A19103F-16F7-4668-BE54-9A1E7A4F7556}") = "n04LocalStorage", "n04LocalStorage\n04LocalStorage.csproj", "{835B029D-458B-488F-9D9C-FCEABF3EA8C1}"
EndProject
Project("{9A19103F-16F7-4668-BE54-9A1E7A4F7556}") = "n04LocalStorage_wasm", "n04LocalStorage_wasm\n04LocalStorage_wasm.csproj", "{9F6A8655-1B7E-4A39-B34D-C8C5122A8F18}"
EndProject
Project("{9A19103F-16F7-4668-BE54-9A1E7A4F7556}") = "b07geo", "b07geo\b07geo.csproj", "{826AC934-6A64-4B15-A752-28C28521B1C3}"
EndProject
Project("{9A19103F-16F7-4668-BE54-9A1E7A4F7556}") = "ConsoleAppUnZIp", "ConsoleAppUnZIp\ConsoleAppUnZIp.csproj", "{DDBE83BA-290D-44BE-982E-202881CFC6DC}"
EndProject
Project("{778DAE3C-4631-46EA-AA77-85C1314464D9}") = "ConsoleAppUnZipVB", "ConsoleAppUnZipVB\ConsoleAppUnZipVB.vbproj", "{B60C5C18-DF02-4565-B0FC-36D45ECECC7D}"
EndProject
Project("{2150E333-8FDC-42A3-9474-1A3956D46DE8}") = "b08Menu", "b08Menu", "{D64EA0D6-FD34-423C-B51F-DC89DD045CE3}"
EndProject
Project("{9A19103F-16F7-4668-BE54-9A1E7A4F7556}") = "BootstrapBlazorApp.Server", "b08Menu\BootstrapBlazorApp.Server\BootstrapBlazorApp.Server.csproj", "{1A0DE8E4-BDE5-4C6B-914E-ED9D6218B88F}"
EndProject
Project("{9A19103F-16F7-4668-BE54-9A1E7A4F7556}") = "BootstrapBlazorApp.Shared", "b08Menu\BootstrapBlazorApp.Shared\BootstrapBlazorApp.Shared.csproj", "{9CB7C92B-3794-4163-A0CC-F79E43423DB0}"
EndProject
Project("{9A19103F-16F7-4668-BE54-9A1E7A4F7556}") = "BootstrapBlazorApp.WebAssembly", "b08Menu\BootstrapBlazorApp.WebAssembly\BootstrapBlazorApp.WebAssembly.csproj", "{57C99E0C-E881-4D70-872D-12CA96FB07DD}"
EndProject
Project("{9A19103F-16F7-4668-BE54-9A1E7A4F7556}") = "ConsoleFor", "ConsoleFor\ConsoleFor.csproj", "{35F699FA-3527-4E53-9A04-167EC006FB5A}"
EndProject
Project("{9A19103F-16F7-4668-BE54-9A1E7A4F7556}") = "b13video", "b13video\b13video.csproj", "{FF3CDF14-D68F-40C9-8774-04BD4AC7CDB3}"
EndProject
Project("{9A19103F-16F7-4668-BE54-9A1E7A4F7556}") = "b13wasm", "b13wasm\b13wasm.csproj", "{0452D494-454D-452C-87CA-08D80553B978}"
EndProject
Project("{9A19103F-16F7-4668-BE54-9A1E7A4F7556}") = "b13pwa", "b13pwa\b13pwa.csproj", "{8C75FE3A-D515-4357-8160-C3138AECB343}"
EndProject
Project("{9A19103F-16F7-4668-BE54-9A1E7A4F7556}") = "b14table", "b04table\b14table.csproj", "{5450CA5B-01BA-4CCF-B358-A87658AA8634}"
EndProject
Project("{9A19103F-16F7-4668-BE54-9A1E7A4F7556}") = "b15blazorIDS", "b15blazorIDS\b15blazorIDS.csproj", "{23C24674-DE07-44B0-8F88-D6C96200D754}"
EndProject
Project("{9A19103F-16F7-4668-BE54-9A1E7A4F7556}") = "b16blazorIDS2", "b16blazorIDS2\b16blazorIDS2.csproj", "{52637568-F734-486A-A384-8076E17E2F23}"
EndProject
Project("{9A19103F-16F7-4668-BE54-9A1E7A4F7556}") = "b17tableII", "b17tableII\b17tableII.csproj", "{35B03C1D-45D3-45FD-BAF8-28CDCC780F8B}"
EndProject
Project("{2150E333-8FDC-42A3-9474-1A3956D46DE8}") = "src", "src", "{DDDB3CFA-281D-402C-B008-CD829B251DF1}"
EndProject
Project("{9A19103F-16F7-4668-BE54-9A1E7A4F7556}") = "Densen.Extensions.Freesql.BootstrapBlazor", "..\Densen.Freesql\src\BootstrapBlazor.DataAcces.FreeSql\Densen.Extensions.Freesql.BootstrapBlazor.csproj", "{B09AF475-6527-408C-8439-C355746365A7}"
EndProject
Project("{9A19103F-16F7-4668-BE54-9A1E7A4F7556}") = "b18QuickStartv757", "b18QuickStartv757\b18QuickStartv757.csproj", "{8BBF8A97-68C5-4BBE-A500-D4CB1E0EDCCF}"
EndProject
Project("{9A19103F-16F7-4668-BE54-9A1E7A4F7556}") = "BlazorLifecycle", "BlazorLifecycle\BlazorLifecycle.csproj", "{EC1568E3-1D65-41F6-98B8-3B8199BE1204}"
EndProject
Project("{9A19103F-16F7-4668-BE54-9A1E7A4F7556}") = "b18ValidateForm", "b18ValidateForm\b18ValidateForm.csproj", "{23466341-0CAA-4C1B-B776-CF7D823187CF}"
EndProject
Project("{9A19103F-16F7-4668-BE54-9A1E7A4F7556}") = "b19LongPressButton", "b19LongPressButton\b19LongPressButton.csproj", "{62E62ADC-E7D5-4071-B5BF-7B7BD148E0C7}"
EndProject
Project("{9A19103F-16F7-4668-BE54-9A1E7A4F7556}") = "b20Gesture", "b20Gesture\b20Gesture.csproj", "{C852C035-E65B-4596-BF73-D2C0D3735159}"
EndProject
Project("{9A19103F-16F7-4668-BE54-9A1E7A4F7556}") = "b21_OAuth_Gitee", "b21_OAuth_Gitee\b21_OAuth_Gitee.csproj", "{73CE5E21-17A1-458F-A68E-C868B1FA39FA}"
EndProject
Project("{9A19103F-16F7-4668-BE54-9A1E7A4F7556}") = "BlazorOIDCAuto", "BlazorOIDCAuto\BlazorOIDCAuto\BlazorOIDCAuto.csproj", "{C2284275-4E15-483A-B5A4-F9B42B8DFE6A}"
EndProject
Project("{9A19103F-16F7-4668-BE54-9A1E7A4F7556}") = "BlazorOIDCAuto.Client", "BlazorOIDCAuto\BlazorOIDCAuto.Client\BlazorOIDCAuto.Client.csproj", "{18F66B81-3154-476A-84A5-93C406533486}"
EndProject
Project("{2150E333-8FDC-42A3-9474-1A3956D46DE8}") = "BlazorAuto", "BlazorAuto", "{9B0A6668-6781-4D9A-AD48-32258E66CA2D}"
EndProject
Project("{2150E333-8FDC-42A3-9474-1A3956D46DE8}") = "BlazorOIDC", "BlazorOIDC", "{1B15B302-B562-413B-8B99-F6F822EC5605}"
EndProject
Project("{9A19103F-16F7-4668-BE54-9A1E7A4F7556}") = "BlazorOIDC.Server", "BlazorOIDCs\BlazorOIDC\Server\BlazorOIDC.Server.csproj", "{BE5E2F7A-B17F-4D50-8EC4-320ECB311CA6}"
EndProject
Project("{9A19103F-16F7-4668-BE54-9A1E7A4F7556}") = "BlazorOIDC.Client", "BlazorOIDCs\BlazorOIDC\Client\BlazorOIDC.Client.csproj", "{56DBC8E0-550E-4319-840C-A752C1C9A5B0}"
EndProject
Project("{9A19103F-16F7-4668-BE54-9A1E7A4F7556}") = "BlazorOIDC.Shared", "BlazorOIDCs\BlazorOIDC\Shared\BlazorOIDC.Shared.csproj", "{CCBAFE22-D74E-40E4-BA27-11F4FF04D800}"
EndProject
Project("{9A19103F-16F7-4668-BE54-9A1E7A4F7556}") = "BlazorSSRAppOIDC", "BlazorOIDCs\BlazorSSRAppOIDC\BlazorSSRAppOIDC.csproj", "{6C1C31AE-3101-41E0-84C6-84E964CB9768}"
EndProject
Project("{9A19103F-16F7-4668-BE54-9A1E7A4F7556}") = "BlazorOIDC.WinForms", "BlazorOIDCs\BlazorOIDC.WinForms\BlazorOIDC.WinForms.csproj", "{A60A581C-D712-4EB8-896E-1063ECB7FFFA}"
EndProject
Project("{9A19103F-16F7-4668-BE54-9A1E7A4F7556}") = "WinFormsOIDC", "WinFormsOIDC\WinFormsOIDC.csproj", "{88CC39AC-4A02-4049-A3CF-4E9C5B0C9CDB}"
EndProject
Project("{9A19103F-16F7-4668-BE54-9A1E7A4F7556}") = "BlazorWasmOIDC", "BlazorWasmOIDC\BlazorWasmOIDC.csproj", "{1B6BB0F8-0719-499D-8391-7E4E3E037E11}"
EndProject
Project("{9A19103F-16F7-4668-BE54-9A1E7A4F7556}") = "ConsoleOIDC", "ConsoleOIDC\ConsoleOIDC.csproj", "{43C15A94-4E9A-470A-8626-62D4E74B4010}"
EndProject
Project("{FAE04EC0-301F-11D3-BF4B-00C04F79EFBC}") = "b22dynamicURL.Server", "b22dynamicURL\b22dynamicURL.Server\b22dynamicURL.Server.csproj", "{A689CDB7-43C1-4C67-9EA9-4C34DE8EC140}"
EndProject
Project("{FAE04EC0-301F-11D3-BF4B-00C04F79EFBC}") = "BootstrapBlazorApp.Server", "b23multipleLanguages\BootstrapBlazorApp.Server\BootstrapBlazorApp.Server.csproj", "{D07F8480-704D-4C94-AB5B-1E30A17CA5FB}"
EndProject
Project("{2150E333-8FDC-42A3-9474-1A3956D46DE8}") = "b23multipleLanguages", "b23multipleLanguages", "{2D74DF40-3ACF-452D-B7C2-8C2661999BEB}"
EndProject
Project("{2150E333-8FDC-42A3-9474-1A3956D46DE8}") = "b24Virtualization", "b24Virtualization", "{E29DEA0A-FE96-4DBC-9B61-F5C7A8F36962}"
EndProject
Project("{FAE04EC0-301F-11D3-BF4B-00C04F79EFBC}") = "BlazorVirtualization", "b24Virtualization\BlazorVirtualization\BlazorVirtualization.csproj", "{5D35300C-4E0D-4CCE-99B0-FBD490AB409D}"
EndProject
Project("{FAE04EC0-301F-11D3-BF4B-00C04F79EFBC}") = "Test01NCalc", "Test01NCalc\Test01NCalc.csproj", "{E01A247E-F740-4BE5-AE15-5E4DE518CB29}"
EndProject
Global
	GlobalSection(SolutionConfigurationPlatforms) = preSolution
		Debug|Any CPU = Debug|Any CPU
		Release|Any CPU = Release|Any CPU
	EndGlobalSection
	GlobalSection(ProjectConfigurationPlatforms) = postSolution
		{ECDE88FA-E210-4D83-A4F5-8A1D4341DDD3}.Debug|Any CPU.ActiveCfg = Debug|Any CPU
		{ECDE88FA-E210-4D83-A4F5-8A1D4341DDD3}.Debug|Any CPU.Build.0 = Debug|Any CPU
		{ECDE88FA-E210-4D83-A4F5-8A1D4341DDD3}.Release|Any CPU.ActiveCfg = Release|Any CPU
		{ECDE88FA-E210-4D83-A4F5-8A1D4341DDD3}.Release|Any CPU.Build.0 = Release|Any CPU
		{8471D8BA-7B2D-4796-9FD6-CFA71A35BD2F}.Debug|Any CPU.ActiveCfg = Debug|Any CPU
		{8471D8BA-7B2D-4796-9FD6-CFA71A35BD2F}.Debug|Any CPU.Build.0 = Debug|Any CPU
		{8471D8BA-7B2D-4796-9FD6-CFA71A35BD2F}.Release|Any CPU.ActiveCfg = Release|Any CPU
		{8471D8BA-7B2D-4796-9FD6-CFA71A35BD2F}.Release|Any CPU.Build.0 = Release|Any CPU
		{0B103BC0-1759-4542-863E-B8C603BB4131}.Debug|Any CPU.ActiveCfg = Debug|Any CPU
		{0B103BC0-1759-4542-863E-B8C603BB4131}.Debug|Any CPU.Build.0 = Debug|Any CPU
		{0B103BC0-1759-4542-863E-B8C603BB4131}.Release|Any CPU.ActiveCfg = Release|Any CPU
		{0B103BC0-1759-4542-863E-B8C603BB4131}.Release|Any CPU.Build.0 = Release|Any CPU
		{9F70B74D-3E9A-487D-AC77-103D67A353D1}.Debug|Any CPU.ActiveCfg = Debug|Any CPU
		{9F70B74D-3E9A-487D-AC77-103D67A353D1}.Debug|Any CPU.Build.0 = Debug|Any CPU
		{9F70B74D-3E9A-487D-AC77-103D67A353D1}.Release|Any CPU.ActiveCfg = Release|Any CPU
		{9F70B74D-3E9A-487D-AC77-103D67A353D1}.Release|Any CPU.Build.0 = Release|Any CPU
		{B356302D-73BF-4546-B9DD-71D9016D650B}.Debug|Any CPU.ActiveCfg = Debug|Any CPU
		{B356302D-73BF-4546-B9DD-71D9016D650B}.Debug|Any CPU.Build.0 = Debug|Any CPU
		{B356302D-73BF-4546-B9DD-71D9016D650B}.Release|Any CPU.ActiveCfg = Release|Any CPU
		{B356302D-73BF-4546-B9DD-71D9016D650B}.Release|Any CPU.Build.0 = Release|Any CPU
		{4701FDAF-2E22-46CD-A03C-2A992247C3F7}.Debug|Any CPU.ActiveCfg = Debug|Any CPU
		{4701FDAF-2E22-46CD-A03C-2A992247C3F7}.Debug|Any CPU.Build.0 = Debug|Any CPU
		{4701FDAF-2E22-46CD-A03C-2A992247C3F7}.Release|Any CPU.ActiveCfg = Release|Any CPU
		{4701FDAF-2E22-46CD-A03C-2A992247C3F7}.Release|Any CPU.Build.0 = Release|Any CPU
		{6CB49482-EFC3-48F9-B455-C1C94C870BA4}.Debug|Any CPU.ActiveCfg = Debug|Any CPU
		{6CB49482-EFC3-48F9-B455-C1C94C870BA4}.Debug|Any CPU.Build.0 = Debug|Any CPU
		{6CB49482-EFC3-48F9-B455-C1C94C870BA4}.Release|Any CPU.ActiveCfg = Release|Any CPU
		{6CB49482-EFC3-48F9-B455-C1C94C870BA4}.Release|Any CPU.Build.0 = Release|Any CPU
		{396450F1-B8A1-48BE-9787-6FF0642E9E77}.Debug|Any CPU.ActiveCfg = Debug|Any CPU
		{396450F1-B8A1-48BE-9787-6FF0642E9E77}.Debug|Any CPU.Build.0 = Debug|Any CPU
		{396450F1-B8A1-48BE-9787-6FF0642E9E77}.Release|Any CPU.ActiveCfg = Release|Any CPU
		{396450F1-B8A1-48BE-9787-6FF0642E9E77}.Release|Any CPU.Build.0 = Release|Any CPU
		{B703E43C-C79B-4A6A-9132-0C597A1BC8D4}.Debug|Any CPU.ActiveCfg = Debug|Any CPU
		{B703E43C-C79B-4A6A-9132-0C597A1BC8D4}.Debug|Any CPU.Build.0 = Debug|Any CPU
		{B703E43C-C79B-4A6A-9132-0C597A1BC8D4}.Release|Any CPU.ActiveCfg = Release|Any CPU
		{B703E43C-C79B-4A6A-9132-0C597A1BC8D4}.Release|Any CPU.Build.0 = Release|Any CPU
		{C58A656C-E4B3-467B-9370-0E6550743424}.Debug|Any CPU.ActiveCfg = Debug|Any CPU
		{C58A656C-E4B3-467B-9370-0E6550743424}.Debug|Any CPU.Build.0 = Debug|Any CPU
		{C58A656C-E4B3-467B-9370-0E6550743424}.Release|Any CPU.ActiveCfg = Release|Any CPU
		{C58A656C-E4B3-467B-9370-0E6550743424}.Release|Any CPU.Build.0 = Release|Any CPU
		{835B029D-458B-488F-9D9C-FCEABF3EA8C1}.Debug|Any CPU.ActiveCfg = Debug|Any CPU
		{835B029D-458B-488F-9D9C-FCEABF3EA8C1}.Debug|Any CPU.Build.0 = Debug|Any CPU
		{835B029D-458B-488F-9D9C-FCEABF3EA8C1}.Release|Any CPU.ActiveCfg = Release|Any CPU
		{835B029D-458B-488F-9D9C-FCEABF3EA8C1}.Release|Any CPU.Build.0 = Release|Any CPU
		{9F6A8655-1B7E-4A39-B34D-C8C5122A8F18}.Debug|Any CPU.ActiveCfg = Debug|Any CPU
		{9F6A8655-1B7E-4A39-B34D-C8C5122A8F18}.Debug|Any CPU.Build.0 = Debug|Any CPU
		{9F6A8655-1B7E-4A39-B34D-C8C5122A8F18}.Release|Any CPU.ActiveCfg = Release|Any CPU
		{9F6A8655-1B7E-4A39-B34D-C8C5122A8F18}.Release|Any CPU.Build.0 = Release|Any CPU
		{826AC934-6A64-4B15-A752-28C28521B1C3}.Debug|Any CPU.ActiveCfg = Debug|Any CPU
		{826AC934-6A64-4B15-A752-28C28521B1C3}.Debug|Any CPU.Build.0 = Debug|Any CPU
		{826AC934-6A64-4B15-A752-28C28521B1C3}.Release|Any CPU.ActiveCfg = Release|Any CPU
		{826AC934-6A64-4B15-A752-28C28521B1C3}.Release|Any CPU.Build.0 = Release|Any CPU
		{DDBE83BA-290D-44BE-982E-202881CFC6DC}.Debug|Any CPU.ActiveCfg = Debug|Any CPU
		{DDBE83BA-290D-44BE-982E-202881CFC6DC}.Debug|Any CPU.Build.0 = Debug|Any CPU
		{DDBE83BA-290D-44BE-982E-202881CFC6DC}.Release|Any CPU.ActiveCfg = Release|Any CPU
		{DDBE83BA-290D-44BE-982E-202881CFC6DC}.Release|Any CPU.Build.0 = Release|Any CPU
		{B60C5C18-DF02-4565-B0FC-36D45ECECC7D}.Debug|Any CPU.ActiveCfg = Debug|Any CPU
		{B60C5C18-DF02-4565-B0FC-36D45ECECC7D}.Debug|Any CPU.Build.0 = Debug|Any CPU
		{B60C5C18-DF02-4565-B0FC-36D45ECECC7D}.Release|Any CPU.ActiveCfg = Release|Any CPU
		{B60C5C18-DF02-4565-B0FC-36D45ECECC7D}.Release|Any CPU.Build.0 = Release|Any CPU
		{1A0DE8E4-BDE5-4C6B-914E-ED9D6218B88F}.Debug|Any CPU.ActiveCfg = Debug|Any CPU
		{1A0DE8E4-BDE5-4C6B-914E-ED9D6218B88F}.Debug|Any CPU.Build.0 = Debug|Any CPU
		{1A0DE8E4-BDE5-4C6B-914E-ED9D6218B88F}.Release|Any CPU.ActiveCfg = Release|Any CPU
		{1A0DE8E4-BDE5-4C6B-914E-ED9D6218B88F}.Release|Any CPU.Build.0 = Release|Any CPU
		{9CB7C92B-3794-4163-A0CC-F79E43423DB0}.Debug|Any CPU.ActiveCfg = Debug|Any CPU
		{9CB7C92B-3794-4163-A0CC-F79E43423DB0}.Debug|Any CPU.Build.0 = Debug|Any CPU
		{9CB7C92B-3794-4163-A0CC-F79E43423DB0}.Release|Any CPU.ActiveCfg = Release|Any CPU
		{9CB7C92B-3794-4163-A0CC-F79E43423DB0}.Release|Any CPU.Build.0 = Release|Any CPU
		{57C99E0C-E881-4D70-872D-12CA96FB07DD}.Debug|Any CPU.ActiveCfg = Debug|Any CPU
		{57C99E0C-E881-4D70-872D-12CA96FB07DD}.Debug|Any CPU.Build.0 = Debug|Any CPU
		{57C99E0C-E881-4D70-872D-12CA96FB07DD}.Release|Any CPU.ActiveCfg = Release|Any CPU
		{57C99E0C-E881-4D70-872D-12CA96FB07DD}.Release|Any CPU.Build.0 = Release|Any CPU
		{35F699FA-3527-4E53-9A04-167EC006FB5A}.Debug|Any CPU.ActiveCfg = Debug|Any CPU
		{35F699FA-3527-4E53-9A04-167EC006FB5A}.Debug|Any CPU.Build.0 = Debug|Any CPU
		{35F699FA-3527-4E53-9A04-167EC006FB5A}.Release|Any CPU.ActiveCfg = Release|Any CPU
		{35F699FA-3527-4E53-9A04-167EC006FB5A}.Release|Any CPU.Build.0 = Release|Any CPU
		{FF3CDF14-D68F-40C9-8774-04BD4AC7CDB3}.Debug|Any CPU.ActiveCfg = Debug|Any CPU
		{FF3CDF14-D68F-40C9-8774-04BD4AC7CDB3}.Debug|Any CPU.Build.0 = Debug|Any CPU
		{FF3CDF14-D68F-40C9-8774-04BD4AC7CDB3}.Release|Any CPU.ActiveCfg = Release|Any CPU
		{FF3CDF14-D68F-40C9-8774-04BD4AC7CDB3}.Release|Any CPU.Build.0 = Release|Any CPU
		{0452D494-454D-452C-87CA-08D80553B978}.Debug|Any CPU.ActiveCfg = Debug|Any CPU
		{0452D494-454D-452C-87CA-08D80553B978}.Debug|Any CPU.Build.0 = Debug|Any CPU
		{0452D494-454D-452C-87CA-08D80553B978}.Release|Any CPU.ActiveCfg = Release|Any CPU
		{0452D494-454D-452C-87CA-08D80553B978}.Release|Any CPU.Build.0 = Release|Any CPU
		{8C75FE3A-D515-4357-8160-C3138AECB343}.Debug|Any CPU.ActiveCfg = Debug|Any CPU
		{8C75FE3A-D515-4357-8160-C3138AECB343}.Debug|Any CPU.Build.0 = Debug|Any CPU
		{8C75FE3A-D515-4357-8160-C3138AECB343}.Release|Any CPU.ActiveCfg = Release|Any CPU
		{8C75FE3A-D515-4357-8160-C3138AECB343}.Release|Any CPU.Build.0 = Release|Any CPU
		{5450CA5B-01BA-4CCF-B358-A87658AA8634}.Debug|Any CPU.ActiveCfg = Debug|Any CPU
		{5450CA5B-01BA-4CCF-B358-A87658AA8634}.Debug|Any CPU.Build.0 = Debug|Any CPU
		{5450CA5B-01BA-4CCF-B358-A87658AA8634}.Release|Any CPU.ActiveCfg = Release|Any CPU
		{5450CA5B-01BA-4CCF-B358-A87658AA8634}.Release|Any CPU.Build.0 = Release|Any CPU
		{23C24674-DE07-44B0-8F88-D6C96200D754}.Debug|Any CPU.ActiveCfg = Debug|Any CPU
		{23C24674-DE07-44B0-8F88-D6C96200D754}.Debug|Any CPU.Build.0 = Debug|Any CPU
		{23C24674-DE07-44B0-8F88-D6C96200D754}.Release|Any CPU.ActiveCfg = Release|Any CPU
		{23C24674-DE07-44B0-8F88-D6C96200D754}.Release|Any CPU.Build.0 = Release|Any CPU
		{52637568-F734-486A-A384-8076E17E2F23}.Debug|Any CPU.ActiveCfg = Debug|Any CPU
		{52637568-F734-486A-A384-8076E17E2F23}.Debug|Any CPU.Build.0 = Debug|Any CPU
		{52637568-F734-486A-A384-8076E17E2F23}.Release|Any CPU.ActiveCfg = Release|Any CPU
		{52637568-F734-486A-A384-8076E17E2F23}.Release|Any CPU.Build.0 = Release|Any CPU
		{35B03C1D-45D3-45FD-BAF8-28CDCC780F8B}.Debug|Any CPU.ActiveCfg = Debug|Any CPU
		{35B03C1D-45D3-45FD-BAF8-28CDCC780F8B}.Debug|Any CPU.Build.0 = Debug|Any CPU
		{35B03C1D-45D3-45FD-BAF8-28CDCC780F8B}.Release|Any CPU.ActiveCfg = Release|Any CPU
		{35B03C1D-45D3-45FD-BAF8-28CDCC780F8B}.Release|Any CPU.Build.0 = Release|Any CPU
		{B09AF475-6527-408C-8439-C355746365A7}.Debug|Any CPU.ActiveCfg = Debug|Any CPU
		{B09AF475-6527-408C-8439-C355746365A7}.Debug|Any CPU.Build.0 = Debug|Any CPU
		{B09AF475-6527-408C-8439-C355746365A7}.Release|Any CPU.ActiveCfg = Release|Any CPU
		{B09AF475-6527-408C-8439-C355746365A7}.Release|Any CPU.Build.0 = Release|Any CPU
		{8BBF8A97-68C5-4BBE-A500-D4CB1E0EDCCF}.Debug|Any CPU.ActiveCfg = Debug|Any CPU
		{8BBF8A97-68C5-4BBE-A500-D4CB1E0EDCCF}.Debug|Any CPU.Build.0 = Debug|Any CPU
		{8BBF8A97-68C5-4BBE-A500-D4CB1E0EDCCF}.Release|Any CPU.ActiveCfg = Release|Any CPU
		{8BBF8A97-68C5-4BBE-A500-D4CB1E0EDCCF}.Release|Any CPU.Build.0 = Release|Any CPU
		{EC1568E3-1D65-41F6-98B8-3B8199BE1204}.Debug|Any CPU.ActiveCfg = Debug|Any CPU
		{EC1568E3-1D65-41F6-98B8-3B8199BE1204}.Debug|Any CPU.Build.0 = Debug|Any CPU
		{EC1568E3-1D65-41F6-98B8-3B8199BE1204}.Release|Any CPU.ActiveCfg = Release|Any CPU
		{EC1568E3-1D65-41F6-98B8-3B8199BE1204}.Release|Any CPU.Build.0 = Release|Any CPU
		{23466341-0CAA-4C1B-B776-CF7D823187CF}.Debug|Any CPU.ActiveCfg = Debug|Any CPU
		{23466341-0CAA-4C1B-B776-CF7D823187CF}.Debug|Any CPU.Build.0 = Debug|Any CPU
		{23466341-0CAA-4C1B-B776-CF7D823187CF}.Release|Any CPU.ActiveCfg = Release|Any CPU
		{23466341-0CAA-4C1B-B776-CF7D823187CF}.Release|Any CPU.Build.0 = Release|Any CPU
		{62E62ADC-E7D5-4071-B5BF-7B7BD148E0C7}.Debug|Any CPU.ActiveCfg = Debug|Any CPU
		{62E62ADC-E7D5-4071-B5BF-7B7BD148E0C7}.Debug|Any CPU.Build.0 = Debug|Any CPU
		{62E62ADC-E7D5-4071-B5BF-7B7BD148E0C7}.Release|Any CPU.ActiveCfg = Release|Any CPU
		{62E62ADC-E7D5-4071-B5BF-7B7BD148E0C7}.Release|Any CPU.Build.0 = Release|Any CPU
		{C852C035-E65B-4596-BF73-D2C0D3735159}.Debug|Any CPU.ActiveCfg = Debug|Any CPU
		{C852C035-E65B-4596-BF73-D2C0D3735159}.Debug|Any CPU.Build.0 = Debug|Any CPU
		{C852C035-E65B-4596-BF73-D2C0D3735159}.Release|Any CPU.ActiveCfg = Release|Any CPU
		{C852C035-E65B-4596-BF73-D2C0D3735159}.Release|Any CPU.Build.0 = Release|Any CPU
		{73CE5E21-17A1-458F-A68E-C868B1FA39FA}.Debug|Any CPU.ActiveCfg = Debug|Any CPU
		{73CE5E21-17A1-458F-A68E-C868B1FA39FA}.Debug|Any CPU.Build.0 = Debug|Any CPU
		{73CE5E21-17A1-458F-A68E-C868B1FA39FA}.Release|Any CPU.ActiveCfg = Release|Any CPU
		{73CE5E21-17A1-458F-A68E-C868B1FA39FA}.Release|Any CPU.Build.0 = Release|Any CPU
		{C2284275-4E15-483A-B5A4-F9B42B8DFE6A}.Debug|Any CPU.ActiveCfg = Debug|Any CPU
		{C2284275-4E15-483A-B5A4-F9B42B8DFE6A}.Debug|Any CPU.Build.0 = Debug|Any CPU
		{C2284275-4E15-483A-B5A4-F9B42B8DFE6A}.Release|Any CPU.ActiveCfg = Release|Any CPU
		{C2284275-4E15-483A-B5A4-F9B42B8DFE6A}.Release|Any CPU.Build.0 = Release|Any CPU
		{18F66B81-3154-476A-84A5-93C406533486}.Debug|Any CPU.ActiveCfg = Debug|Any CPU
		{18F66B81-3154-476A-84A5-93C406533486}.Debug|Any CPU.Build.0 = Debug|Any CPU
		{18F66B81-3154-476A-84A5-93C406533486}.Release|Any CPU.ActiveCfg = Release|Any CPU
		{18F66B81-3154-476A-84A5-93C406533486}.Release|Any CPU.Build.0 = Release|Any CPU
		{BE5E2F7A-B17F-4D50-8EC4-320ECB311CA6}.Debug|Any CPU.ActiveCfg = Debug|Any CPU
		{BE5E2F7A-B17F-4D50-8EC4-320ECB311CA6}.Debug|Any CPU.Build.0 = Debug|Any CPU
		{BE5E2F7A-B17F-4D50-8EC4-320ECB311CA6}.Release|Any CPU.ActiveCfg = Release|Any CPU
		{BE5E2F7A-B17F-4D50-8EC4-320ECB311CA6}.Release|Any CPU.Build.0 = Release|Any CPU
		{56DBC8E0-550E-4319-840C-A752C1C9A5B0}.Debug|Any CPU.ActiveCfg = Debug|Any CPU
		{56DBC8E0-550E-4319-840C-A752C1C9A5B0}.Debug|Any CPU.Build.0 = Debug|Any CPU
		{56DBC8E0-550E-4319-840C-A752C1C9A5B0}.Release|Any CPU.ActiveCfg = Release|Any CPU
		{56DBC8E0-550E-4319-840C-A752C1C9A5B0}.Release|Any CPU.Build.0 = Release|Any CPU
		{CCBAFE22-D74E-40E4-BA27-11F4FF04D800}.Debug|Any CPU.ActiveCfg = Debug|Any CPU
		{CCBAFE22-D74E-40E4-BA27-11F4FF04D800}.Debug|Any CPU.Build.0 = Debug|Any CPU
		{CCBAFE22-D74E-40E4-BA27-11F4FF04D800}.Release|Any CPU.ActiveCfg = Release|Any CPU
		{CCBAFE22-D74E-40E4-BA27-11F4FF04D800}.Release|Any CPU.Build.0 = Release|Any CPU
		{6C1C31AE-3101-41E0-84C6-84E964CB9768}.Debug|Any CPU.ActiveCfg = Debug|Any CPU
		{6C1C31AE-3101-41E0-84C6-84E964CB9768}.Debug|Any CPU.Build.0 = Debug|Any CPU
		{6C1C31AE-3101-41E0-84C6-84E964CB9768}.Release|Any CPU.ActiveCfg = Release|Any CPU
		{6C1C31AE-3101-41E0-84C6-84E964CB9768}.Release|Any CPU.Build.0 = Release|Any CPU
		{A60A581C-D712-4EB8-896E-1063ECB7FFFA}.Debug|Any CPU.ActiveCfg = Debug|Any CPU
		{A60A581C-D712-4EB8-896E-1063ECB7FFFA}.Debug|Any CPU.Build.0 = Debug|Any CPU
		{A60A581C-D712-4EB8-896E-1063ECB7FFFA}.Release|Any CPU.ActiveCfg = Release|Any CPU
		{A60A581C-D712-4EB8-896E-1063ECB7FFFA}.Release|Any CPU.Build.0 = Release|Any CPU
		{88CC39AC-4A02-4049-A3CF-4E9C5B0C9CDB}.Debug|Any CPU.ActiveCfg = Debug|Any CPU
		{88CC39AC-4A02-4049-A3CF-4E9C5B0C9CDB}.Debug|Any CPU.Build.0 = Debug|Any CPU
		{88CC39AC-4A02-4049-A3CF-4E9C5B0C9CDB}.Release|Any CPU.ActiveCfg = Release|Any CPU
		{88CC39AC-4A02-4049-A3CF-4E9C5B0C9CDB}.Release|Any CPU.Build.0 = Release|Any CPU
		{1B6BB0F8-0719-499D-8391-7E4E3E037E11}.Debug|Any CPU.ActiveCfg = Debug|Any CPU
		{1B6BB0F8-0719-499D-8391-7E4E3E037E11}.Debug|Any CPU.Build.0 = Debug|Any CPU
		{1B6BB0F8-0719-499D-8391-7E4E3E037E11}.Release|Any CPU.ActiveCfg = Release|Any CPU
		{1B6BB0F8-0719-499D-8391-7E4E3E037E11}.Release|Any CPU.Build.0 = Release|Any CPU
		{43C15A94-4E9A-470A-8626-62D4E74B4010}.Debug|Any CPU.ActiveCfg = Debug|Any CPU
		{43C15A94-4E9A-470A-8626-62D4E74B4010}.Debug|Any CPU.Build.0 = Debug|Any CPU
		{43C15A94-4E9A-470A-8626-62D4E74B4010}.Release|Any CPU.ActiveCfg = Release|Any CPU
		{43C15A94-4E9A-470A-8626-62D4E74B4010}.Release|Any CPU.Build.0 = Release|Any CPU
		{A689CDB7-43C1-4C67-9EA9-4C34DE8EC140}.Debug|Any CPU.ActiveCfg = Debug|Any CPU
		{A689CDB7-43C1-4C67-9EA9-4C34DE8EC140}.Debug|Any CPU.Build.0 = Debug|Any CPU
		{A689CDB7-43C1-4C67-9EA9-4C34DE8EC140}.Release|Any CPU.ActiveCfg = Release|Any CPU
		{A689CDB7-43C1-4C67-9EA9-4C34DE8EC140}.Release|Any CPU.Build.0 = Release|Any CPU
		{D07F8480-704D-4C94-AB5B-1E30A17CA5FB}.Debug|Any CPU.ActiveCfg = Debug|Any CPU
		{D07F8480-704D-4C94-AB5B-1E30A17CA5FB}.Debug|Any CPU.Build.0 = Debug|Any CPU
		{D07F8480-704D-4C94-AB5B-1E30A17CA5FB}.Release|Any CPU.ActiveCfg = Release|Any CPU
		{D07F8480-704D-4C94-AB5B-1E30A17CA5FB}.Release|Any CPU.Build.0 = Release|Any CPU
		{5D35300C-4E0D-4CCE-99B0-FBD490AB409D}.Debug|Any CPU.ActiveCfg = Debug|Any CPU
		{5D35300C-4E0D-4CCE-99B0-FBD490AB409D}.Debug|Any CPU.Build.0 = Debug|Any CPU
		{5D35300C-4E0D-4CCE-99B0-FBD490AB409D}.Release|Any CPU.ActiveCfg = Release|Any CPU
		{5D35300C-4E0D-4CCE-99B0-FBD490AB409D}.Release|Any CPU.Build.0 = Release|Any CPU
		{E01A247E-F740-4BE5-AE15-5E4DE518CB29}.Debug|Any CPU.ActiveCfg = Debug|Any CPU
		{E01A247E-F740-4BE5-AE15-5E4DE518CB29}.Debug|Any CPU.Build.0 = Debug|Any CPU
		{E01A247E-F740-4BE5-AE15-5E4DE518CB29}.Release|Any CPU.ActiveCfg = Release|Any CPU
		{E01A247E-F740-4BE5-AE15-5E4DE518CB29}.Release|Any CPU.Build.0 = Release|Any CPU
	EndGlobalSection
	GlobalSection(SolutionProperties) = preSolution
		HideSolutionNode = FALSE
	EndGlobalSection
	GlobalSection(NestedProjects) = preSolution
		{808F29E6-F014-4FA4-A9E8-0C81EEC7969A} = {F23E72F9-2DE4-4A33-B632-DA88EEE1474B}
		{363393D5-F12C-4C1D-8831-2E380469A4AA} = {F23E72F9-2DE4-4A33-B632-DA88EEE1474B}
		{FEC17587-A711-48F7-9DDE-FF905FA54156} = {F23E72F9-2DE4-4A33-B632-DA88EEE1474B}
		{1A0DE8E4-BDE5-4C6B-914E-ED9D6218B88F} = {D64EA0D6-FD34-423C-B51F-DC89DD045CE3}
		{9CB7C92B-3794-4163-A0CC-F79E43423DB0} = {D64EA0D6-FD34-423C-B51F-DC89DD045CE3}
		{57C99E0C-E881-4D70-872D-12CA96FB07DD} = {D64EA0D6-FD34-423C-B51F-DC89DD045CE3}
		{B09AF475-6527-408C-8439-C355746365A7} = {DDDB3CFA-281D-402C-B008-CD829B251DF1}
		{C2284275-4E15-483A-B5A4-F9B42B8DFE6A} = {9B0A6668-6781-4D9A-AD48-32258E66CA2D}
		{18F66B81-3154-476A-84A5-93C406533486} = {9B0A6668-6781-4D9A-AD48-32258E66CA2D}
		{BE5E2F7A-B17F-4D50-8EC4-320ECB311CA6} = {1B15B302-B562-413B-8B99-F6F822EC5605}
		{56DBC8E0-550E-4319-840C-A752C1C9A5B0} = {1B15B302-B562-413B-8B99-F6F822EC5605}
		{CCBAFE22-D74E-40E4-BA27-11F4FF04D800} = {1B15B302-B562-413B-8B99-F6F822EC5605}
		{6C1C31AE-3101-41E0-84C6-84E964CB9768} = {1B15B302-B562-413B-8B99-F6F822EC5605}
		{A60A581C-D712-4EB8-896E-1063ECB7FFFA} = {1B15B302-B562-413B-8B99-F6F822EC5605}
		{88CC39AC-4A02-4049-A3CF-4E9C5B0C9CDB} = {1B15B302-B562-413B-8B99-F6F822EC5605}
		{1B6BB0F8-0719-499D-8391-7E4E3E037E11} = {1B15B302-B562-413B-8B99-F6F822EC5605}
		{43C15A94-4E9A-470A-8626-62D4E74B4010} = {1B15B302-B562-413B-8B99-F6F822EC5605}
		{D07F8480-704D-4C94-AB5B-1E30A17CA5FB} = {2D74DF40-3ACF-452D-B7C2-8C2661999BEB}
		{5D35300C-4E0D-4CCE-99B0-FBD490AB409D} = {E29DEA0A-FE96-4DBC-9B61-F5C7A8F36962}
	EndGlobalSection
	GlobalSection(ExtensibilityGlobals) = postSolution
		SolutionGuid = {5953555A-3C5E-405F-9785-92A3321DA588}
	EndGlobalSection
EndGlobal
