
Microsoft Visual Studio Solution File, Format Version 12.00
# Visual Studio Version 17
VisualStudioVersion = 17.13.35507.96 d17.13
MinimumVisualStudioVersion = 10.0.40219.1
Project("{FAE04EC0-301F-11D3-BF4B-00C04F79EFBC}") = "BootstrapBlazorApp.Server", "BootstrapBlazorApp.Server\BootstrapBlazorApp.Server.csproj", "{DDEF701E-5B57-223F-89FC-B3C7019FA8CC}"
EndProject
Global
	GlobalSection(SolutionConfigurationPlatforms) = preSolution
		Debug|Any CPU = Debug|Any CPU
		Release|Any CPU = Release|Any CPU
	EndGlobalSection
	GlobalSection(ProjectConfigurationPlatforms) = postSolution
		{DDEF701E-5B57-223F-89FC-B3C7019FA8CC}.Debug|Any CPU.ActiveCfg = Debug|Any CPU
		{DDEF701E-5B57-223F-89FC-B3C7019FA8CC}.Debug|Any CPU.Build.0 = Debug|Any CPU
		{DDEF701E-5B57-223F-89FC-B3C7019FA8CC}.Release|Any CPU.ActiveCfg = Release|Any CPU
		{DDEF701E-5B57-223F-89FC-B3C7019FA8CC}.Release|Any CPU.Build.0 = Release|Any CPU
	EndGlobalSection
	GlobalSection(SolutionProperties) = preSolution
		HideSolutionNode = FALSE
	EndGlobalSection
	GlobalSection(ExtensibilityGlobals) = postSolution
		SolutionGuid = {F4C4EDBB-8F4A-445D-8316-BD89AABB2B13}
	EndGlobalSection
EndGlobal
