
Microsoft Visual Studio Solution File, Format Version 12.00
# Visual Studio Version 17
VisualStudioVersion = 17.13.36105.23 d17.13
MinimumVisualStudioVersion = 10.0.40219.1
Project("{FAE04EC0-301F-11D3-BF4B-00C04F79EFBC}") = "MiOcr", "MiOcr\MiOcr.csproj", "{5167A65E-F4F4-725A-8B64-A8B37E7D97D9}"
EndProject
Global
	GlobalSection(SolutionConfigurationPlatforms) = preSolution
		Debug|Any CPU = Debug|Any CPU
		Release|Any CPU = Release|Any CPU
	EndGlobalSection
	GlobalSection(ProjectConfigurationPlatforms) = postSolution
		{5167A65E-F4F4-725A-8B64-A8B37E7D97D9}.Debug|Any CPU.ActiveCfg = Debug|Any CPU
		{5167A65E-F4F4-725A-8B64-A8B37E7D97D9}.Debug|Any CPU.Build.0 = Debug|Any CPU
		{5167A65E-F4F4-725A-8B64-A8B37E7D97D9}.Release|Any CPU.ActiveCfg = Release|Any CPU
		{5167A65E-F4F4-725A-8B64-A8B37E7D97D9}.Release|Any CPU.Build.0 = Release|Any CPU
	EndGlobalSection
	GlobalSection(SolutionProperties) = preSolution
		HideSolutionNode = FALSE
	EndGlobalSection
	GlobalSection(ExtensibilityGlobals) = postSolution
		SolutionGuid = {29A5F8A8-29C9-48C0-99E1-DE964C65E0B9}
	EndGlobalSection
EndGlobal
