
Microsoft Visual Studio Solution File, Format Version 12.00
# Visual Studio Version 17
VisualStudioVersion = 17.4.33213.308
MinimumVisualStudioVersion = 10.0.40219.1
Project("{9A19103F-16F7-4668-BE54-9A1E7A4F7556}") = "b16blazorIDS2", "b16blazorIDS2.csproj", "{E34BBEA1-48C1-47FE-84C7-037A943DAD36}"
EndProject
Global
	GlobalSection(SolutionConfigurationPlatforms) = preSolution
		Debug|Any CPU = Debug|Any CPU
		Release|Any CPU = Release|Any CPU
	EndGlobalSection
	GlobalSection(ProjectConfigurationPlatforms) = postSolution
		{E34BBEA1-48C1-47FE-84C7-037A943DAD36}.Debug|Any CPU.ActiveCfg = Debug|Any CPU
		{E34BBEA1-48C1-47FE-84C7-037A943DAD36}.Debug|Any CPU.Build.0 = Debug|Any CPU
		{E34BBEA1-48C1-47FE-84C7-037A943DAD36}.Release|Any CPU.ActiveCfg = Release|Any CPU
		{E34BBEA1-48C1-47FE-84C7-037A943DAD36}.Release|Any CPU.Build.0 = Release|Any CPU
	EndGlobalSection
	GlobalSection(SolutionProperties) = preSolution
		HideSolutionNode = FALSE
	EndGlobalSection
	GlobalSection(ExtensibilityGlobals) = postSolution
		SolutionGuid = {97F1C53C-DCCA-41B3-AB85-CDEEEF4C138E}
	EndGlobalSection
EndGlobal
