
Microsoft Visual Studio Solution File, Format Version 12.00
# Visual Studio Version 16
VisualStudioVersion = 16.0.30621.155
MinimumVisualStudioVersion = 10.0.40219.1
Project("{9A19103F-16F7-4668-BE54-9A1E7A4F7556}") = "BootstrapBlazorApp.Server", "BootstrapBlazorApp.Server\BootstrapBlazorApp.Server.csproj", "{DDC07B5C-7455-46A6-ADCD-FFF9023DE976}"
EndProject
Project("{9A19103F-16F7-4668-BE54-9A1E7A4F7556}") = "BootstrapBlazorApp.WebAssembly", "BootstrapBlazorApp.WebAssembly\BootstrapBlazorApp.WebAssembly.csproj", "{8F9288F6-E444-4B9F-8B8A-7C099980EE4D}"
EndProject
Project("{9A19103F-16F7-4668-BE54-9A1E7A4F7556}") = "BootstrapBlazorApp.Shared", "BootstrapBlazorApp.Shared\BootstrapBlazorApp.Shared.csproj", "{AB04595F-4692-4CA9-9D18-3F4C640AC028}"
EndProject
Global
	GlobalSection(SolutionConfigurationPlatforms) = preSolution
		Debug|Any CPU = Debug|Any CPU
		Release|Any CPU = Release|Any CPU
	EndGlobalSection
	GlobalSection(ProjectConfigurationPlatforms) = postSolution
		{DDC07B5C-7455-46A6-ADCD-FFF9023DE976}.Debug|Any CPU.ActiveCfg = Debug|Any CPU
		{DDC07B5C-7455-46A6-ADCD-FFF9023DE976}.Debug|Any CPU.Build.0 = Debug|Any CPU
		{DDC07B5C-7455-46A6-ADCD-FFF9023DE976}.Release|Any CPU.ActiveCfg = Release|Any CPU
		{DDC07B5C-7455-46A6-ADCD-FFF9023DE976}.Release|Any CPU.Build.0 = Release|Any CPU
		{8F9288F6-E444-4B9F-8B8A-7C099980EE4D}.Debug|Any CPU.ActiveCfg = Debug|Any CPU
		{8F9288F6-E444-4B9F-8B8A-7C099980EE4D}.Debug|Any CPU.Build.0 = Debug|Any CPU
		{8F9288F6-E444-4B9F-8B8A-7C099980EE4D}.Release|Any CPU.ActiveCfg = Release|Any CPU
		{8F9288F6-E444-4B9F-8B8A-7C099980EE4D}.Release|Any CPU.Build.0 = Release|Any CPU
		{AB04595F-4692-4CA9-9D18-3F4C640AC028}.Debug|Any CPU.ActiveCfg = Debug|Any CPU
		{AB04595F-4692-4CA9-9D18-3F4C640AC028}.Debug|Any CPU.Build.0 = Debug|Any CPU
		{AB04595F-4692-4CA9-9D18-3F4C640AC028}.Release|Any CPU.ActiveCfg = Release|Any CPU
		{AB04595F-4692-4CA9-9D18-3F4C640AC028}.Release|Any CPU.Build.0 = Release|Any CPU
	EndGlobalSection
	GlobalSection(SolutionProperties) = preSolution
		HideSolutionNode = FALSE
	EndGlobalSection
	GlobalSection(ExtensibilityGlobals) = postSolution
		SolutionGuid = {BFC48E48-51AB-48D3-8242-DC4823B978E4}
	EndGlobalSection
EndGlobal
